
Microsoft Visual Studio Solution File, Format Version 12.00
# Visual Studio Version 17
VisualStudioVersion = 17.1.32328.378
MinimumVisualStudioVersion = 10.0.40219.1
Project("{9A19103F-16F7-4668-BE54-9A1E7A4F7556}") = "eBis.dataAccess", "eBis.dataAccess.csproj", "{376B1B1C-121E-4CC1-88D4-B7EA51C23825}"
	ProjectSection(ProjectDependencies) = postProject
		{A853E803-A92E-47C2-864E-3DD3C80F8445} = {A853E803-A92E-47C2-864E-3DD3C80F8445}
	EndProjectSection
EndProject
Project("{9A19103F-16F7-4668-BE54-9A1E7A4F7556}") = "eBis.common", "..\eBis.common\eBis.common.csproj", "{A853E803-A92E-47C2-864E-3DD3C80F8445}"
EndProject
Global
	GlobalSection(SolutionConfigurationPlatforms) = preSolution
		Debug|Any CPU = Debug|Any CPU
		Release|Any CPU = Release|Any CPU
	EndGlobalSection
	GlobalSection(ProjectConfigurationPlatforms) = postSolution
		{376B1B1C-121E-4CC1-88D4-B7EA51C23825}.Debug|Any CPU.ActiveCfg = Debug|Any CPU
		{376B1B1C-121E-4CC1-88D4-B7EA51C23825}.Debug|Any CPU.Build.0 = Debug|Any CPU
		{376B1B1C-121E-4CC1-88D4-B7EA51C23825}.Release|Any CPU.ActiveCfg = Release|Any CPU
		{376B1B1C-121E-4CC1-88D4-B7EA51C23825}.Release|Any CPU.Build.0 = Release|Any CPU
		{A853E803-A92E-47C2-864E-3DD3C80F8445}.Debug|Any CPU.ActiveCfg = Debug|Any CPU
		{A853E803-A92E-47C2-864E-3DD3C80F8445}.Debug|Any CPU.Build.0 = Debug|Any CPU
		{A853E803-A92E-47C2-864E-3DD3C80F8445}.Release|Any CPU.ActiveCfg = Release|Any CPU
		{A853E803-A92E-47C2-864E-3DD3C80F8445}.Release|Any CPU.Build.0 = Release|Any CPU
	EndGlobalSection
	GlobalSection(SolutionProperties) = preSolution
		HideSolutionNode = FALSE
	EndGlobalSection
	GlobalSection(ExtensibilityGlobals) = postSolution
		SolutionGuid = {E8EAFBB7-0050-4E33-BDB5-7FB1F55F1F61}
	EndGlobalSection
EndGlobal
